
Microsoft Visual Studio Solution File, Format Version 12.00
# Visual Studio Version 17
VisualStudioVersion = 17.13.35828.75 d17.13
MinimumVisualStudioVersion = 10.0.40219.1
Project("{FAE04EC0-301F-11D3-BF4B-00C04F79EFBC}") = "TreeClimber", "TreeClimber\TreeClimber.csproj", "{6C849E8C-298D-4738-AD10-DF9368D0A158}"
EndProject
Project("{FAE04EC0-301F-11D3-BF4B-00C04F79EFBC}") = "TreeClimberCore", "TreeClimberCore\TreeClimberCore.csproj", "{2B527E46-F8DA-D1CE-FF49-DAF4EBA908DF}"
EndProject
Project("{FAE04EC0-301F-11D3-BF4B-00C04F79EFBC}") = "Tests", "Tests\Tests.csproj", "{9CF47860-2CEA-F379-09D8-9AEF27965D12}"
EndProject
Global
	GlobalSection(SolutionConfigurationPlatforms) = preSolution
		Debug|Any CPU = Debug|Any CPU
		Release|Any CPU = Release|Any CPU
	EndGlobalSection
	GlobalSection(ProjectConfigurationPlatforms) = postSolution
		{6C849E8C-298D-4738-AD10-DF9368D0A158}.Debug|Any CPU.ActiveCfg = Debug|Any CPU
		{6C849E8C-298D-4738-AD10-DF9368D0A158}.Debug|Any CPU.Build.0 = Debug|Any CPU
		{6C849E8C-298D-4738-AD10-DF9368D0A158}.Release|Any CPU.ActiveCfg = Release|Any CPU
		{6C849E8C-298D-4738-AD10-DF9368D0A158}.Release|Any CPU.Build.0 = Release|Any CPU
		{2B527E46-F8DA-D1CE-FF49-DAF4EBA908DF}.Debug|Any CPU.ActiveCfg = Debug|Any CPU
		{2B527E46-F8DA-D1CE-FF49-DAF4EBA908DF}.Debug|Any CPU.Build.0 = Debug|Any CPU
		{2B527E46-F8DA-D1CE-FF49-DAF4EBA908DF}.Release|Any CPU.ActiveCfg = Release|Any CPU
		{2B527E46-F8DA-D1CE-FF49-DAF4EBA908DF}.Release|Any CPU.Build.0 = Release|Any CPU
		{9CF47860-2CEA-F379-09D8-9AEF27965D12}.Debug|Any CPU.ActiveCfg = Debug|Any CPU
		{9CF47860-2CEA-F379-09D8-9AEF27965D12}.Debug|Any CPU.Build.0 = Debug|Any CPU
		{9CF47860-2CEA-F379-09D8-9AEF27965D12}.Release|Any CPU.ActiveCfg = Release|Any CPU
		{9CF47860-2CEA-F379-09D8-9AEF27965D12}.Release|Any CPU.Build.0 = Release|Any CPU
	EndGlobalSection
	GlobalSection(SolutionProperties) = preSolution
		HideSolutionNode = FALSE
	EndGlobalSection
	GlobalSection(ExtensibilityGlobals) = postSolution
		SolutionGuid = {FD5D9C61-7CDF-4287-989D-51AB09F7E48D}
	EndGlobalSection
EndGlobal
